
Microsoft Visual Studio Solution File, Format Version 12.00
# Visual Studio 2013
VisualStudioVersion = 12.0.31101.0
MinimumVisualStudioVersion = 10.0.40219.1
Project("{FAE04EC0-301F-11D3-BF4B-00C04F79EFBC}") = "ResideMenu", "ResideMenu\ResideMenu.csproj", "{3946C7F5-7D2D-4087-9620-A4F8749127D7}"
EndProject
Project("{FAE04EC0-301F-11D3-BF4B-00C04F79EFBC}") = "ResideMenu.Demo", "ResideMenu.Demo\ResideMenu.Demo.csproj", "{95BB97D1-029B-4D3B-BE64-777EDF636462}"
EndProject
Global
	GlobalSection(SolutionConfigurationPlatforms) = preSolution
		Debug|Any CPU = Debug|Any CPU
		Release|Any CPU = Release|Any CPU
	EndGlobalSection
	GlobalSection(ProjectConfigurationPlatforms) = postSolution
		{3946C7F5-7D2D-4087-9620-A4F8749127D7}.Debug|Any CPU.ActiveCfg = Debug|Any CPU
		{3946C7F5-7D2D-4087-9620-A4F8749127D7}.Debug|Any CPU.Build.0 = Debug|Any CPU
		{3946C7F5-7D2D-4087-9620-A4F8749127D7}.Release|Any CPU.ActiveCfg = Release|Any CPU
		{3946C7F5-7D2D-4087-9620-A4F8749127D7}.Release|Any CPU.Build.0 = Release|Any CPU
		{95BB97D1-029B-4D3B-BE64-777EDF636462}.Debug|Any CPU.ActiveCfg = Debug|Any CPU
		{95BB97D1-029B-4D3B-BE64-777EDF636462}.Debug|Any CPU.Build.0 = Debug|Any CPU
		{95BB97D1-029B-4D3B-BE64-777EDF636462}.Debug|Any CPU.Deploy.0 = Debug|Any CPU
		{95BB97D1-029B-4D3B-BE64-777EDF636462}.Release|Any CPU.ActiveCfg = Release|Any CPU
		{95BB97D1-029B-4D3B-BE64-777EDF636462}.Release|Any CPU.Build.0 = Release|Any CPU
		{95BB97D1-029B-4D3B-BE64-777EDF636462}.Release|Any CPU.Deploy.0 = Release|Any CPU
	EndGlobalSection
	GlobalSection(SolutionProperties) = preSolution
		HideSolutionNode = FALSE
	EndGlobalSection
EndGlobal
